{
    "_readme": [
        "This file locks the dependencies of your project to a known state",
        "Read more about it at https://getcomposer.org/doc/01-basic-usage.md#composer-lock-the-lock-file",
        "This file is @generated automatically"
    ],
    "content-hash": "31b25a171efe1fc4797aaaa411672878",
    "packages": [
        {
            "name": "ostico/phporient",
            "version": "v1.2.5",
            "source": {
                "type": "git",
                "url": "https://github.com/Ostico/PhpOrient.git",
                "reference": "beaeaa835912803d8fec65eede737b0d13c193bd"
            },
            "dist": {
                "type": "zip",
                "url": "https://api.github.com/repos/Ostico/PhpOrient/zipball/beaeaa835912803d8fec65eede737b0d13c193bd",
                "reference": "beaeaa835912803d8fec65eede737b0d13c193bd",
                "shasum": ""
            },
            "require": {
                "php": ">=5.4.0",
                "psr/log": "~1.0"
            },
            "require-dev": {
                "monolog/monolog": "1.11.*",
                "ostico/phpdoc-md": "dev-master",
                "phpdocumentor/phpdocumentor": "dev-master",
                "phpdocumentor/template-zend": "1.3.0",
                "phpunit/phpunit": "4.4",
                "satooshi/php-coveralls": "~1.0"
            },
            "type": "library",
            "autoload": {
                "psr-4": {
                    "PhpOrient\\": "src/PhpOrient"
                }
            },
            "notification-url": "https://packagist.org/downloads/",
            "license": [
                "Apache License v2.0"
            ],
            "authors": [
                {
                    "name": "Domenico Lupinetti",
                    "email": "ostico@gmail.com",
                    "homepage": "https://www.linkedin.com/in/domenicolupinetti",
                    "role": "Owner, Developer"
                }
            ],
            "description": "PHPOrient is a good php driver based on the binary protocol of OrientDB.",
            "homepage": "https://github.com/Ostico/PhpOrient",
            "keywords": [
                "orient db",
                "orientdb",
                "orientechnologies"
            ],
            "time": "2016-11-26T19:30:26+00:00"
        },
        {
            "name": "psr/log",
            "version": "dev-master",
            "source": {
                "type": "git",
                "url": "https://github.com/php-fig/log.git",
                "reference": "4ebe3a8bf773a19edfe0a84b6585ba3d401b724d"
            },
            "dist": {
                "type": "zip",
                "url": "https://api.github.com/repos/php-fig/log/zipball/4ebe3a8bf773a19edfe0a84b6585ba3d401b724d",
                "reference": "4ebe3a8bf773a19edfe0a84b6585ba3d401b724d",
                "shasum": ""
            },
            "require": {
                "php": ">=5.3.0"
            },
            "type": "library",
            "extra": {
                "branch-alias": {
                    "dev-master": "1.0.x-dev"
                }
            },
            "autoload": {
                "psr-4": {
                    "Psr\\Log\\": "Psr/Log/"
                }
            },
            "notification-url": "https://packagist.org/downloads/",
            "license": [
                "MIT"
            ],
            "authors": [
                {
                    "name": "PHP-FIG",
                    "homepage": "http://www.php-fig.org/"
                }
            ],
            "description": "Common interface for logging libraries",
            "homepage": "https://github.com/php-fig/log",
            "keywords": [
                "log",
                "psr",
                "psr-3"
            ],
            "time": "2016-10-10T12:19:37+00:00"
        }
    ],
    "packages-dev": [],
    "aliases": [],
    "minimum-stability": "dev",
    "stability-flags": [],
    "prefer-stable": false,
    "prefer-lowest": false,
    "platform": [],
    "platform-dev": []
}
